
Microsoft Visual Studio Solution File, Format Version 12.00
# Visual Studio Version 17
VisualStudioVersion = 17.1.32210.238
MinimumVisualStudioVersion = 10.0.40219.1
Project("{FAE04EC0-301F-11D3-BF4B-00C04F79EFBC}") = "laba10", "laba10\laba10.csproj", "{5318829D-E5B1-4602-94C1-F193AEE20A60}"
EndProject
Global
	GlobalSection(SolutionConfigurationPlatforms) = preSolution
		Debug|Any CPU = Debug|Any CPU
		Release|Any CPU = Release|Any CPU
	EndGlobalSection
	GlobalSection(ProjectConfigurationPlatforms) = postSolution
		{5318829D-E5B1-4602-94C1-F193AEE20A60}.Debug|Any CPU.ActiveCfg = Debug|Any CPU
		{5318829D-E5B1-4602-94C1-F193AEE20A60}.Debug|Any CPU.Build.0 = Debug|Any CPU
		{5318829D-E5B1-4602-94C1-F193AEE20A60}.Release|Any CPU.ActiveCfg = Release|Any CPU
		{5318829D-E5B1-4602-94C1-F193AEE20A60}.Release|Any CPU.Build.0 = Release|Any CPU
	EndGlobalSection
	GlobalSection(SolutionProperties) = preSolution
		HideSolutionNode = FALSE
	EndGlobalSection
	GlobalSection(ExtensibilityGlobals) = postSolution
		SolutionGuid = {AE3944D6-25B6-4F6E-A5AC-C60FC4B5C0FB}
	EndGlobalSection
EndGlobal
